// !$*UTF8*$!
{
	archiveVersion = 1;
	classes = {
	};
	objectVersion = 50;
	objects = {

/* Begin PBXBuildFile section */
		25BB9A502129206100ADC7E7 /* AppDelegate.swift in Sources */ = {isa = PBXBuildFile; fileRef = 25BB9A4F2129206100ADC7E7 /* AppDelegate.swift */; };
		25BB9A522129206100ADC7E7 /* FirstViewController.swift in Sources */ = {isa = PBXBuildFile; fileRef = 25BB9A512129206100ADC7E7 /* FirstViewController.swift */; };
		25BB9A542129206100ADC7E7 /* SecondViewController.swift in Sources */ = {isa = PBXBuildFile; fileRef = 25BB9A532129206100ADC7E7 /* SecondViewController.swift */; };
		25BB9A572129206100ADC7E7 /* Main.storyboard in Resources */ = {isa = PBXBuildFile; fileRef = 25BB9A552129206100ADC7E7 /* Main.storyboard */; };
		25BB9A592129206200ADC7E7 /* Assets.xcassets in Resources */ = {isa = PBXBuildFile; fileRef = 25BB9A582129206200ADC7E7 /* Assets.xcassets */; };
		25BB9A5C2129206200ADC7E7 /* LaunchScreen.storyboard in Resources */ = {isa = PBXBuildFile; fileRef = 25BB9A5A2129206200ADC7E7 /* LaunchScreen.storyboard */; };
		25BB9A672129206200ADC7E7 /* To_Do_ListTests.swift in Sources */ = {isa = PBXBuildFile; fileRef = 25BB9A662129206200ADC7E7 /* To_Do_ListTests.swift */; };
		25BB9A722129206200ADC7E7 /* To_Do_ListUITests.swift in Sources */ = {isa = PBXBuildFile; fileRef = 25BB9A712129206200ADC7E7 /* To_Do_ListUITests.swift */; };
		25BB9A8021298ED300ADC7E7 /* README.md in Resources */ = {isa = PBXBuildFile; fileRef = 25BB9A7F21298ED300ADC7E7 /* README.md */; };
		25BB9A8221298EF500ADC7E7 /* screenshot.png in Resources */ = {isa = PBXBuildFile; fileRef = 25BB9A8121298EF500ADC7E7 /* screenshot.png */; };
/* End PBXBuildFile section */

/* Begin PBXContainerItemProxy section */
		25BB9A632129206200ADC7E7 /* PBXContainerItemProxy */ = {
			isa = PBXContainerItemProxy;
			containerPortal = 25BB9A442129206100ADC7E7 /* Project object */;
			proxyType = 1;
			remoteGlobalIDString = 25BB9A4B2129206100ADC7E7;
			remoteInfo = "To Do List";
		};
		25BB9A6E2129206200ADC7E7 /* PBXContainerItemProxy */ = {
			isa = PBXContainerItemProxy;
			containerPortal = 25BB9A442129206100ADC7E7 /* Project object */;
			proxyType = 1;
			remoteGlobalIDString = 25BB9A4B2129206100ADC7E7;
			remoteInfo = "To Do List";
		};
/* End PBXContainerItemProxy section */

/* Begin PBXFileReference section */
		25BB9A4C2129206100ADC7E7 /* To Do List.app */ = {isa = PBXFileReference; explicitFileType = wrapper.application; includeInIndex = 0; path = "To Do List.app"; sourceTree = BUILT_PRODUCTS_DIR; };
		25BB9A4F2129206100ADC7E7 /* AppDelegate.swift */ = {isa = PBXFileReference; lastKnownFileType = sourcecode.swift; path = AppDelegate.swift; sourceTree = "<group>"; };
		25BB9A512129206100ADC7E7 /* FirstViewController.swift */ = {isa = PBXFileReference; lastKnownFileType = sourcecode.swift; path = FirstViewController.swift; sourceTree = "<group>"; };
		25BB9A532129206100ADC7E7 /* SecondViewController.swift */ = {isa = PBXFileReference; lastKnownFileType = sourcecode.swift; path = SecondViewController.swift; sourceTree = "<group>"; };
		25BB9A562129206100ADC7E7 /* Base */ = {isa = PBXFileReference; lastKnownFileType = file.storyboard; name = Base; path = Base.lproj/Main.storyboard; sourceTree = "<group>"; };
		25BB9A582129206200ADC7E7 /* Assets.xcassets */ = {isa = PBXFileReference; lastKnownFileType = folder.assetcatalog; path = Assets.xcassets; sourceTree = "<group>"; };
		25BB9A5B2129206200ADC7E7 /* Base */ = {isa = PBXFileReference; lastKnownFileType = file.storyboard; name = Base; path = Base.lproj/LaunchScreen.storyboard; sourceTree = "<group>"; };
		25BB9A5D2129206200ADC7E7 /* Info.plist */ = {isa = PBXFileReference; lastKnownFileType = text.plist.xml; path = Info.plist; sourceTree = "<group>"; };
		25BB9A622129206200ADC7E7 /* To Do ListTests.xctest */ = {isa = PBXFileReference; explicitFileType = wrapper.cfbundle; includeInIndex = 0; path = "To Do ListTests.xctest"; sourceTree = BUILT_PRODUCTS_DIR; };
		25BB9A662129206200ADC7E7 /* To_Do_ListTests.swift */ = {isa = PBXFileReference; lastKnownFileType = sourcecode.swift; path = To_Do_ListTests.swift; sourceTree = "<group>"; };
		25BB9A682129206200ADC7E7 /* Info.plist */ = {isa = PBXFileReference; lastKnownFileType = text.plist.xml; path = Info.plist; sourceTree = "<group>"; };
		25BB9A6D2129206200ADC7E7 /* To Do ListUITests.xctest */ = {isa = PBXFileReference; explicitFileType = wrapper.cfbundle; includeInIndex = 0; path = "To Do ListUITests.xctest"; sourceTree = BUILT_PRODUCTS_DIR; };
		25BB9A712129206200ADC7E7 /* To_Do_ListUITests.swift */ = {isa = PBXFileReference; lastKnownFileType = sourcecode.swift; path = To_Do_ListUITests.swift; sourceTree = "<group>"; };
		25BB9A732129206200ADC7E7 /* Info.plist */ = {isa = PBXFileReference; lastKnownFileType = text.plist.xml; path = Info.plist; sourceTree = "<group>"; };
		25BB9A7F21298ED300ADC7E7 /* README.md */ = {isa = PBXFileReference; fileEncoding = 4; lastKnownFileType = net.daringfireball.markdown; path = README.md; sourceTree = "<group>"; };
		25BB9A8121298EF500ADC7E7 /* screenshot.png */ = {isa = PBXFileReference; lastKnownFileType = image.png; path = screenshot.png; sourceTree = "<group>"; };
/* End PBXFileReference section */

/* Begin PBXFrameworksBuildPhase section */
		25BB9A492129206100ADC7E7 /* Frameworks */ = {
			isa = PBXFrameworksBuildPhase;
			buildActionMask = 2147483647;
			files = (
			);
			runOnlyForDeploymentPostprocessing = 0;
		};
		25BB9A5F2129206200ADC7E7 /* Frameworks */ = {
			isa = PBXFrameworksBuildPhase;
			buildActionMask = 2147483647;
			files = (
			);
			runOnlyForDeploymentPostprocessing = 0;
		};
		25BB9A6A2129206200ADC7E7 /* Frameworks */ = {
			isa = PBXFrameworksBuildPhase;
			buildActionMask = 2147483647;
			files = (
			);
			runOnlyForDeploymentPostprocessing = 0;
		};
/* End PBXFrameworksBuildPhase section */

/* Begin PBXGroup section */
		25BB9A432129206100ADC7E7 = {
			isa = PBXGroup;
			children = (
				25BB9A8121298EF500ADC7E7 /* screenshot.png */,
				25BB9A7F21298ED300ADC7E7 /* README.md */,
				25BB9A4E2129206100ADC7E7 /* To Do List */,
				25BB9A652129206200ADC7E7 /* To Do ListTests */,
				25BB9A702129206200ADC7E7 /* To Do ListUITests */,
				25BB9A4D2129206100ADC7E7 /* Products */,
			);
			sourceTree = "<group>";
		};
		25BB9A4D2129206100ADC7E7 /* Products */ = {
			isa = PBXGroup;
			children = (
				25BB9A4C2129206100ADC7E7 /* To Do List.app */,
				25BB9A622129206200ADC7E7 /* To Do ListTests.xctest */,
				25BB9A6D2129206200ADC7E7 /* To Do ListUITests.xctest */,
			);
			name = Products;
			sourceTree = "<group>";
		};
		25BB9A4E2129206100ADC7E7 /* To Do List */ = {
			isa = PBXGroup;
			children = (
				25BB9A4F2129206100ADC7E7 /* AppDelegate.swift */,
				25BB9A512129206100ADC7E7 /* FirstViewController.swift */,
				25BB9A532129206100ADC7E7 /* SecondViewController.swift */,
				25BB9A552129206100ADC7E7 /* Main.storyboard */,
				25BB9A582129206200ADC7E7 /* Assets.xcassets */,
				25BB9A5A2129206200ADC7E7 /* LaunchScreen.storyboard */,
				25BB9A5D2129206200ADC7E7 /* Info.plist */,
			);
			path = "To Do List";
			sourceTree = "<group>";
		};
		25BB9A652129206200ADC7E7 /* To Do ListTests */ = {
			isa = PBXGroup;
			children = (
				25BB9A662129206200ADC7E7 /* To_Do_ListTests.swift */,
				25BB9A682129206200ADC7E7 /* Info.plist */,
			);
			path = "To Do ListTests";
			sourceTree = "<group>";
		};
		25BB9A702129206200ADC7E7 /* To Do ListUITests */ = {
			isa = PBXGroup;
			children = (
				25BB9A712129206200ADC7E7 /* To_Do_ListUITests.swift */,
				25BB9A732129206200ADC7E7 /* Info.plist */,
			);
			path = "To Do ListUITests";
			sourceTree = "<group>";
		};
/* End PBXGroup section */

/* Begin PBXNativeTarget section */
		25BB9A4B2129206100ADC7E7 /* To Do List */ = {
			isa = PBXNativeTarget;
			buildConfigurationList = 25BB9A762129206200ADC7E7 /* Build configuration list for PBXNativeTarget "To Do List" */;
			buildPhases = (
				25BB9A482129206100ADC7E7 /* Sources */,
				25BB9A492129206100ADC7E7 /* Frameworks */,
				25BB9A4A2129206100ADC7E7 /* Resources */,
			);
			buildRules = (
			);
			dependencies = (
			);
			name = "To Do List";
			productName = "To Do List";
			productReference = 25BB9A4C2129206100ADC7E7 /* To Do List.app */;
			productType = "com.apple.product-type.application";
		};
		25BB9A612129206200ADC7E7 /* To Do ListTests */ = {
			isa = PBXNativeTarget;
			buildConfigurationList = 25BB9A792129206200ADC7E7 /* Build configuration list for PBXNativeTarget "To Do ListTests" */;
			buildPhases = (
				25BB9A5E2129206200ADC7E7 /* Sources */,
				25BB9A5F2129206200ADC7E7 /* Frameworks */,
				25BB9A602129206200ADC7E7 /* Resources */,
			);
			buildRules = (
			);
			dependencies = (
				25BB9A642129206200ADC7E7 /* PBXTargetDependency */,
			);
			name = "To Do ListTests";
			productName = "To Do ListTests";
			productReference = 25BB9A622129206200ADC7E7 /* To Do ListTests.xctest */;
			productType = "com.apple.product-type.bundle.unit-test";
		};
		25BB9A6C2129206200ADC7E7 /* To Do ListUITests */ = {
			isa = PBXNativeTarget;
			buildConfigurationList = 25BB9A7C2129206200ADC7E7 /* Build configuration list for PBXNativeTarget "To Do ListUITests" */;
			buildPhases = (
				25BB9A692129206200ADC7E7 /* Sources */,
				25BB9A6A2129206200ADC7E7 /* Frameworks */,
				25BB9A6B2129206200ADC7E7 /* Resources */,
			);
			buildRules = (
			);
			dependencies = (
				25BB9A6F2129206200ADC7E7 /* PBXTargetDependency */,
			);
			name = "To Do ListUITests";
			productName = "To Do ListUITests";
			productReference = 25BB9A6D2129206200ADC7E7 /* To Do ListUITests.xctest */;
			productType = "com.apple.product-type.bundle.ui-testing";
		};
/* End PBXNativeTarget section */

/* Begin PBXProject section */
		25BB9A442129206100ADC7E7 /* Project object */ = {
			isa = PBXProject;
			attributes = {
				LastSwiftUpdateCheck = 0940;
				LastUpgradeCheck = 0940;
				ORGANIZATIONNAME = dhanhost;
				TargetAttributes = {
					25BB9A4B2129206100ADC7E7 = {
						CreatedOnToolsVersion = 9.4.1;
					};
					25BB9A612129206200ADC7E7 = {
						CreatedOnToolsVersion = 9.4.1;
						TestTargetID = 25BB9A4B2129206100ADC7E7;
					};
					25BB9A6C2129206200ADC7E7 = {
						CreatedOnToolsVersion = 9.4.1;
						TestTargetID = 25BB9A4B2129206100ADC7E7;
					};
				};
			};
			buildConfigurationList = 25BB9A472129206100ADC7E7 /* Build configuration list for PBXProject "To Do List" */;
			compatibilityVersion = "Xcode 9.3";
			developmentRegion = en;
			hasScannedForEncodings = 0;
			knownRegions = (
				en,
				Base,
			);
			mainGroup = 25BB9A432129206100ADC7E7;
			productRefGroup = 25BB9A4D2129206100ADC7E7 /* Products */;
			projectDirPath = "";
			projectRoot = "";
			targets = (
				25BB9A4B2129206100ADC7E7 /* To Do List */,
				25BB9A612129206200ADC7E7 /* To Do ListTests */,
				25BB9A6C2129206200ADC7E7 /* To Do ListUITests */,
			);
		};
/* End PBXProject section */

/* Begin PBXResourcesBuildPhase section */
		25BB9A4A2129206100ADC7E7 /* Resources */ = {
			isa = PBXResourcesBuildPhase;
			buildActionMask = 2147483647;
			files = (
				25BB9A5C2129206200ADC7E7 /* LaunchScreen.storyboard in Resources */,
				25BB9A592129206200ADC7E7 /* Assets.xcassets in Resources */,
				25BB9A8021298ED300ADC7E7 /* README.md in Resources */,
				25BB9A572129206100ADC7E7 /* Main.storyboard in Resources */,
				25BB9A8221298EF500ADC7E7 /* screenshot.png in Resources */,
			);
			runOnlyForDeploymentPostprocessing = 0;
		};
		25BB9A602129206200ADC7E7 /* Resources */ = {
			isa = PBXResourcesBuildPhase;
			buildActionMask = 2147483647;
			files = (
			);
			runOnlyForDeploymentPostprocessing = 0;
		};
		25BB9A6B2129206200ADC7E7 /* Resources */ = {
			isa = PBXResourcesBuildPhase;
			buildActionMask = 2147483647;
			files = (
			);
			runOnlyForDeploymentPostprocessing = 0;
		};
/* End PBXResourcesBuildPhase section */

/* Begin PBXSourcesBuildPhase section */
		25BB9A482129206100ADC7E7 /* Sources */ = {
			isa = PBXSourcesBuildPhase;
			buildActionMask = 2147483647;
			files = (
				25BB9A542129206100ADC7E7 /* SecondViewController.swift in Sources */,
				25BB9A502129206100ADC7E7 /* AppDelegate.swift in Sources */,
				25BB9A522129206100ADC7E7 /* FirstViewController.swift in Sources */,
			);
			runOnlyForDeploymentPostprocessing = 0;
		};
		25BB9A5E2129206200ADC7E7 /* Sources */ = {
			isa = PBXSourcesBuildPhase;
			buildActionMask = 2147483647;
			files = (
				25BB9A672129206200ADC7E7 /* To_Do_ListTests.swift in Sources */,
			);
			runOnlyForDeploymentPostprocessing = 0;
		};
		25BB9A692129206200ADC7E7 /* Sources */ = {
			isa = PBXSourcesBuildPhase;
			buildActionMask = 2147483647;
			files = (
				25BB9A722129206200ADC7E7 /* To_Do_ListUITests.swift in Sources */,
			);
			runOnlyForDeploymentPostprocessing = 0;
		};
/* End PBXSourcesBuildPhase section */

/* Begin PBXTargetDependency section */
		25BB9A642129206200ADC7E7 /* PBXTargetDependency */ = {
			isa = PBXTargetDependency;
			target = 25BB9A4B2129206100ADC7E7 /* To Do List */;
			targetProxy = 25BB9A632129206200ADC7E7 /* PBXContainerItemProxy */;
		};
		25BB9A6F2129206200ADC7E7 /* PBXTargetDependency */ = {
			isa = PBXTargetDependency;
			target = 25BB9A4B2129206100ADC7E7 /* To Do List */;
			targetProxy = 25BB9A6E2129206200ADC7E7 /* PBXContainerItemProxy */;
		};
/* End PBXTargetDependency section */

/* Begin PBXVariantGroup section */
		25BB9A552129206100ADC7E7 /* Main.storyboard */ = {
			isa = PBXVariantGroup;
			children = (
				25BB9A562129206100ADC7E7 /* Base */,
			);
			name = Main.storyboard;
			sourceTree = "<group>";
		};
		25BB9A5A2129206200ADC7E7 /* LaunchScreen.storyboard */ = {
			isa = PBXVariantGroup;
			children = (
				25BB9A5B2129206200ADC7E7 /* Base */,
			);
			name = LaunchScreen.storyboard;
			sourceTree = "<group>";
		};
/* End PBXVariantGroup section */

/* Begin XCBuildConfiguration section */
		25BB9A742129206200ADC7E7 /* Debug */ = {
			isa = XCBuildConfiguration;
			buildSettings = {
				ALWAYS_SEARCH_USER_PATHS = NO;
				CLANG_ANALYZER_NONNULL = YES;
				CLANG_ANALYZER_NUMBER_OBJECT_CONVERSION = YES_AGGRESSIVE;
				CLANG_CXX_LANGUAGE_STANDARD = "gnu++14";
				CLANG_CXX_LIBRARY = "libc++";
				CLANG_ENABLE_MODULES = YES;
				CLANG_ENABLE_OBJC_ARC = YES;
				CLANG_ENABLE_OBJC_WEAK = YES;
				CLANG_WARN_BLOCK_CAPTURE_AUTORELEASING = YES;
				CLANG_WARN_BOOL_CONVERSION = YES;
				CLANG_WARN_COMMA = YES;
				CLANG_WARN_CONSTANT_CONVERSION = YES;
				CLANG_WARN_DEPRECATED_OBJC_IMPLEMENTATIONS = YES;
				CLANG_WARN_DIRECT_OBJC_ISA_USAGE = YES_ERROR;
				CLANG_WARN_DOCUMENTATION_COMMENTS = YES;
				CLANG_WARN_EMPTY_BODY = YES;
				CLANG_WARN_ENUM_CONVERSION = YES;
				CLANG_WARN_INFINITE_RECURSION = YES;
				CLANG_WARN_INT_CONVERSION = YES;
				CLANG_WARN_NON_LITERAL_NULL_CONVERSION = YES;
				CLANG_WARN_OBJC_IMPLICIT_RETAIN_SELF = YES;
				CLANG_WARN_OBJC_LITERAL_CONVERSION = YES;
				CLANG_WARN_OBJC_ROOT_CLASS = YES_ERROR;
				CLANG_WARN_RANGE_LOOP_ANALYSIS = YES;
				CLANG_WARN_STRICT_PROTOTYPES = YES;
				CLANG_WARN_SUSPICIOUS_MOVE = YES;
				CLANG_WARN_UNGUARDED_AVAILABILITY = YES_AGGRESSIVE;
				CLANG_WARN_UNREACHABLE_CODE = YES;
				CLANG_WARN__DUPLICATE_METHOD_MATCH = YES;
				CODE_SIGN_IDENTITY = "iPhone Developer";
				COPY_PHASE_STRIP = NO;
				DEBUG_INFORMATION_FORMAT = dwarf;
				ENABLE_STRICT_OBJC_MSGSEND = YES;
				ENABLE_TESTABILITY = YES;
				GCC_C_LANGUAGE_STANDARD = gnu11;
				GCC_DYNAMIC_NO_PIC = NO;
				GCC_NO_COMMON_BLOCKS = YES;
				GCC_OPTIMIZATION_LEVEL = 0;
				GCC_PREPROCESSOR_DEFINITIONS = (
					"DEBUG=1",
					"$(inherited)",
				);
				GCC_WARN_64_TO_32_BIT_CONVERSION = YES;
				GCC_WARN_ABOUT_RETURN_TYPE = YES_ERROR;
				GCC_WARN_UNDECLARED_SELECTOR = YES;
				GCC_WARN_UNINITIALIZED_AUTOS = YES_AGGRESSIVE;
				GCC_WARN_UNUSED_FUNCTION = YES;
				GCC_WARN_UNUSED_VARIABLE = YES;
				IPHONEOS_DEPLOYMENT_TARGET = 11.4;
				MTL_ENABLE_DEBUG_INFO = YES;
				ONLY_ACTIVE_ARCH = YES;
				SDKROOT = iphoneos;
				SWIFT_ACTIVE_COMPILATION_CONDITIONS = DEBUG;
				SWIFT_OPTIMIZATION_LEVEL = "-Onone";
			};
			name = Debug;
		};
		25BB9A752129206200ADC7E7 /* Release */ = {
			isa = XCBuildConfiguration;
			buildSettings = {
				ALWAYS_SEARCH_USER_PATHS = NO;
				CLANG_ANALYZER_NONNULL = YES;
				CLANG_ANALYZER_NUMBER_OBJECT_CONVERSION = YES_AGGRESSIVE;
				CLANG_CXX_LANGUAGE_STANDARD = "gnu++14";
				CLANG_CXX_LIBRARY = "libc++";
				CLANG_ENABLE_MODULES = YES;
				CLANG_ENABLE_OBJC_ARC = YES;
				CLANG_ENABLE_OBJC_WEAK = YES;
				CLANG_WARN_BLOCK_CAPTURE_AUTORELEASING = YES;
				CLANG_WARN_BOOL_CONVERSION = YES;
				CLANG_WARN_COMMA = YES;
				CLANG_WARN_CONSTANT_CONVERSION = YES;
				CLANG_WARN_DEPRECATED_OBJC_IMPLEMENTATIONS = YES;
				CLANG_WARN_DIRECT_OBJC_ISA_USAGE = YES_ERROR;
				CLANG_WARN_DOCUMENTATION_COMMENTS = YES;
				CLANG_WARN_EMPTY_BODY = YES;
				CLANG_WARN_ENUM_CONVERSION = YES;
				CLANG_WARN_INFINITE_RECURSION = YES;
				CLANG_WARN_INT_CONVERSION = YES;
				CLANG_WARN_NON_LITERAL_NULL_CONVERSION = YES;
				CLANG_WARN_OBJC_IMPLICIT_RETAIN_SELF = YES;
				CLANG_WARN_OBJC_LITERAL_CONVERSION = YES;
				CLANG_WARN_OBJC_ROOT_CLASS = YES_ERROR;
				CLANG_WARN_RANGE_LOOP_ANALYSIS = YES;
				CLANG_WARN_STRICT_PROTOTYPES = YES;
				CLANG_WARN_SUSPICIOUS_MOVE = YES;
				CLANG_WARN_UNGUARDED_AVAILABILITY = YES_AGGRESSIVE;
				CLANG_WARN_UNREACHABLE_CODE = YES;
				CLANG_WARN__DUPLICATE_METHOD_MATCH = YES;
				CODE_SIGN_IDENTITY = "iPhone Developer";
				COPY_PHASE_STRIP = NO;
				DEBUG_INFORMATION_FORMAT = "dwarf-with-dsym";
				ENABLE_NS_ASSERTIONS = NO;
				ENABLE_STRICT_OBJC_MSGSEND = YES;
				GCC_C_LANGUAGE_STANDARD = gnu11;
				GCC_NO_COMMON_BLOCKS = YES;
				GCC_WARN_64_TO_32_BIT_CONVERSION = YES;
				GCC_WARN_ABOUT_RETURN_TYPE = YES_ERROR;
				GCC_WARN_UNDECLARED_SELECTOR = YES;
				GCC_WARN_UNINITIALIZED_AUTOS = YES_AGGRESSIVE;
				GCC_WARN_UNUSED_FUNCTION = YES;
				GCC_WARN_UNUSED_VARIABLE = YES;
				IPHONEOS_DEPLOYMENT_TARGET = 11.4;
				MTL_ENABLE_DEBUG_INFO = NO;
				SDKROOT = iphoneos;
				SWIFT_COMPILATION_MODE = wholemodule;
				SWIFT_OPTIMIZATION_LEVEL = "-O";
				VALIDATE_PRODUCT = YES;
			};
			name = Release;
		};
		25BB9A772129206200ADC7E7 /* Debug */ = {
			isa = XCBuildConfiguration;
			buildSettings = {
				ASSETCATALOG_COMPILER_APPICON_NAME = AppIcon;
				CODE_SIGN_STYLE = Automatic;
				INFOPLIST_FILE = "To Do List/Info.plist";
				LD_RUNPATH_SEARCH_PATHS = (
					"$(inherited)",
					"@executable_path/Frameworks",
				);
				PRODUCT_BUNDLE_IDENTIFIER = "com.dhanhost.To-Do-List";
				PRODUCT_NAME = "$(TARGET_NAME)";
				SWIFT_VERSION = 4.0;
				TARGETED_DEVICE_FAMILY = "1,2";
			};
			name = Debug;
		};
		25BB9A782129206200ADC7E7 /* Release */ = {
			isa = XCBuildConfiguration;
			buildSettings = {
				ASSETCATALOG_COMPILER_APPICON_NAME = AppIcon;
				CODE_SIGN_STYLE = Automatic;
				INFOPLIST_FILE = "To Do List/Info.plist";
				LD_RUNPATH_SEARCH_PATHS = (
					"$(inherited)",
					"@executable_path/Frameworks",
				);
				PRODUCT_BUNDLE_IDENTIFIER = "com.dhanhost.To-Do-List";
				PRODUCT_NAME = "$(TARGET_NAME)";
				SWIFT_VERSION = 4.0;
				TARGETED_DEVICE_FAMILY = "1,2";
			};
			name = Release;
		};
		25BB9A7A2129206200ADC7E7 /* Debug */ = {
			isa = XCBuildConfiguration;
			buildSettings = {
				ALWAYS_EMBED_SWIFT_STANDARD_LIBRARIES = YES;
				BUNDLE_LOADER = "$(TEST_HOST)";
				CODE_SIGN_STYLE = Automatic;
				INFOPLIST_FILE = "To Do ListTests/Info.plist";
				LD_RUNPATH_SEARCH_PATHS = (
					"$(inherited)",
					"@executable_path/Frameworks",
					"@loader_path/Frameworks",
				);
				PRODUCT_BUNDLE_IDENTIFIER = "com.dhanhost.To-Do-ListTests";
				PRODUCT_NAME = "$(TARGET_NAME)";
				SWIFT_VERSION = 4.0;
				TARGETED_DEVICE_FAMILY = "1,2";
				TEST_HOST = "$(BUILT_PRODUCTS_DIR)/To Do List.app/To Do List";
			};
			name = Debug;
		};
		25BB9A7B2129206200ADC7E7 /* Release */ = {
			isa = XCBuildConfiguration;
			buildSettings = {
				ALWAYS_EMBED_SWIFT_STANDARD_LIBRARIES = YES;
				BUNDLE_LOADER = "$(TEST_HOST)";
				CODE_SIGN_STYLE = Automatic;
				INFOPLIST_FILE = "To Do ListTests/Info.plist";
				LD_RUNPATH_SEARCH_PATHS = (
					"$(inherited)",
					"@executable_path/Frameworks",
					"@loader_path/Frameworks",
				);
				PRODUCT_BUNDLE_IDENTIFIER = "com.dhanhost.To-Do-ListTests";
				PRODUCT_NAME = "$(TARGET_NAME)";
				SWIFT_VERSION = 4.0;
				TARGETED_DEVICE_FAMILY = "1,2";
				TEST_HOST = "$(BUILT_PRODUCTS_DIR)/To Do List.app/To Do List";
			};
			name = Release;
		};
		25BB9A7D2129206200ADC7E7 /* Debug */ = {
			isa = XCBuildConfiguration;
			buildSettings = {
				ALWAYS_EMBED_SWIFT_STANDARD_LIBRARIES = YES;
				CODE_SIGN_STYLE = Automatic;
				INFOPLIST_FILE = "To Do ListUITests/Info.plist";
				LD_RUNPATH_SEARCH_PATHS = (
					"$(inherited)",
					"@executable_path/Frameworks",
					"@loader_path/Frameworks",
				);
				PRODUCT_BUNDLE_IDENTIFIER = "com.dhanhost.To-Do-ListUITests";
				PRODUCT_NAME = "$(TARGET_NAME)";
				SWIFT_VERSION = 4.0;
				TARGETED_DEVICE_FAMILY = "1,2";
				TEST_TARGET_NAME = "To Do List";
			};
			name = Debug;
		};
		25BB9A7E2129206200ADC7E7 /* Release */ = {
			isa = XCBuildConfiguration;
			buildSettings = {
				ALWAYS_EMBED_SWIFT_STANDARD_LIBRARIES = YES;
				CODE_SIGN_STYLE = Automatic;
				INFOPLIST_FILE = "To Do ListUITests/Info.plist";
				LD_RUNPATH_SEARCH_PATHS = (
					"$(inherited)",
					"@executable_path/Frameworks",
					"@loader_path/Frameworks",
				);
				PRODUCT_BUNDLE_IDENTIFIER = "com.dhanhost.To-Do-ListUITests";
				PRODUCT_NAME = "$(TARGET_NAME)";
				SWIFT_VERSION = 4.0;
				TARGETED_DEVICE_FAMILY = "1,2";
				TEST_TARGET_NAME = "To Do List";
			};
			name = Release;
		};
/* End XCBuildConfiguration section */

/* Begin XCConfigurationList section */
		25BB9A472129206100ADC7E7 /* Build configuration list for PBXProject "To Do List" */ = {
			isa = XCConfigurationList;
			buildConfigurations = (
				25BB9A742129206200ADC7E7 /* Debug */,
				25BB9A752129206200ADC7E7 /* Release */,
			);
			defaultConfigurationIsVisible = 0;
			defaultConfigurationName = Release;
		};
		25BB9A762129206200ADC7E7 /* Build configuration list for PBXNativeTarget "To Do List" */ = {
			isa = XCConfigurationList;
			buildConfigurations = (
				25BB9A772129206200ADC7E7 /* Debug */,
				25BB9A782129206200ADC7E7 /* Release */,
			);
			defaultConfigurationIsVisible = 0;
			defaultConfigurationName = Release;
		};
		25BB9A792129206200ADC7E7 /* Build configuration list for PBXNativeTarget "To Do ListTests" */ = {
			isa = XCConfigurationList;
			buildConfigurations = (
				25BB9A7A2129206200ADC7E7 /* Debug */,
				25BB9A7B2129206200ADC7E7 /* Release */,
			);
			defaultConfigurationIsVisible = 0;
			defaultConfigurationName = Release;
		};
		25BB9A7C2129206200ADC7E7 /* Build configuration list for PBXNativeTarget "To Do ListUITests" */ = {
			isa = XCConfigurationList;
			buildConfigurations = (
				25BB9A7D2129206200ADC7E7 /* Debug */,
				25BB9A7E2129206200ADC7E7 /* Release */,
			);
			defaultConfigurationIsVisible = 0;
			defaultConfigurationName = Release;
		};
/* End XCConfigurationList section */
	};
	rootObject = 25BB9A442129206100ADC7E7 /* Project object */;
}
